
Microsoft Visual Studio Solution File, Format Version 12.00
# Visual Studio Version 17
VisualStudioVersion = 17.13.35931.197
MinimumVisualStudioVersion = 10.0.40219.1
Project("{FAE04EC0-301F-11D3-BF4B-00C04F79EFBC}") = "HastaneSistemi", "HastaneSistemi\HastaneSistemi.csproj", "{B4178B9E-9C7C-4B70-B85F-A9E9ABE354B1}"
EndProject
Project("{2150E333-8FDC-42A3-9474-1A3956D46DE8}") = "Solution Items", "Solution Items", "{8EC462FD-D22E-90A8-E5CE-7E832BA40C5D}"
	ProjectSection(SolutionItems) = preProject
		README.md = README.md
	EndProjectSection
EndProject
Global
	GlobalSection(SolutionConfigurationPlatforms) = preSolution
		Debug|Any CPU = Debug|Any CPU
		Release|Any CPU = Release|Any CPU
	EndGlobalSection
	GlobalSection(ProjectConfigurationPlatforms) = postSolution
		{B4178B9E-9C7C-4B70-B85F-A9E9ABE354B1}.Debug|Any CPU.ActiveCfg = Debug|Any CPU
		{B4178B9E-9C7C-4B70-B85F-A9E9ABE354B1}.Debug|Any CPU.Build.0 = Debug|Any CPU
		{B4178B9E-9C7C-4B70-B85F-A9E9ABE354B1}.Release|Any CPU.ActiveCfg = Release|Any CPU
		{B4178B9E-9C7C-4B70-B85F-A9E9ABE354B1}.Release|Any CPU.Build.0 = Release|Any CPU
	EndGlobalSection
	GlobalSection(SolutionProperties) = preSolution
		HideSolutionNode = FALSE
	EndGlobalSection
	GlobalSection(ExtensibilityGlobals) = postSolution
		SolutionGuid = {E13446BD-DDC1-4304-A79A-1281540767F0}
	EndGlobalSection
EndGlobal
